// !$*UTF8*$!
{
	archiveVersion = 1;
	classes = {
	};
	objectVersion = 56;
	objects = {

/* Begin PBXBuildFile section */
		DB07218429116A8B005C2C03 /* weatherAppDmApp.swift in Sources */ = {isa = PBXBuildFile; fileRef = DB07218329116A8B005C2C03 /* weatherAppDmApp.swift */; };
		DB07218829116A8C005C2C03 /* Assets.xcassets in Resources */ = {isa = PBXBuildFile; fileRef = DB07218729116A8C005C2C03 /* Assets.xcassets */; };
		DB07218B29116A8C005C2C03 /* Preview Assets.xcassets in Resources */ = {isa = PBXBuildFile; fileRef = DB07218A29116A8C005C2C03 /* Preview Assets.xcassets */; };
		DB07219529117001005C2C03 /* ScreenView.swift in Sources */ = {isa = PBXBuildFile; fileRef = DB07219429117001005C2C03 /* ScreenView.swift */; };
		DB072197291175CB005C2C03 /* ForecastView.swift in Sources */ = {isa = PBXBuildFile; fileRef = DB072196291175CB005C2C03 /* ForecastView.swift */; };
		DB072199291175F8005C2C03 /* WeatherView.swift in Sources */ = {isa = PBXBuildFile; fileRef = DB072198291175F8005C2C03 /* WeatherView.swift */; };
		DB07219B29117623005C2C03 /* TodaysWeatherView.swift in Sources */ = {isa = PBXBuildFile; fileRef = DB07219A29117623005C2C03 /* TodaysWeatherView.swift */; };
		DB07219D2911BB43005C2C03 /* TodaysWeatherTextView.swift in Sources */ = {isa = PBXBuildFile; fileRef = DB07219C2911BB43005C2C03 /* TodaysWeatherTextView.swift */; };
		DB07219F2911C665005C2C03 /* SearchView.swift in Sources */ = {isa = PBXBuildFile; fileRef = DB07219E2911C665005C2C03 /* SearchView.swift */; };
/* End PBXBuildFile section */

/* Begin PBXFileReference section */
		DB07218029116A8B005C2C03 /* weatherAppDm.app */ = {isa = PBXFileReference; explicitFileType = wrapper.application; includeInIndex = 0; path = weatherAppDm.app; sourceTree = BUILT_PRODUCTS_DIR; };
		DB07218329116A8B005C2C03 /* weatherAppDmApp.swift */ = {isa = PBXFileReference; lastKnownFileType = sourcecode.swift; path = weatherAppDmApp.swift; sourceTree = "<group>"; };
		DB07218729116A8C005C2C03 /* Assets.xcassets */ = {isa = PBXFileReference; lastKnownFileType = folder.assetcatalog; path = Assets.xcassets; sourceTree = "<group>"; };
		DB07218A29116A8C005C2C03 /* Preview Assets.xcassets */ = {isa = PBXFileReference; lastKnownFileType = folder.assetcatalog; path = "Preview Assets.xcassets"; sourceTree = "<group>"; };
		DB07219429117001005C2C03 /* ScreenView.swift */ = {isa = PBXFileReference; lastKnownFileType = sourcecode.swift; path = ScreenView.swift; sourceTree = "<group>"; };
		DB072196291175CB005C2C03 /* ForecastView.swift */ = {isa = PBXFileReference; lastKnownFileType = sourcecode.swift; path = ForecastView.swift; sourceTree = "<group>"; };
		DB072198291175F8005C2C03 /* WeatherView.swift */ = {isa = PBXFileReference; lastKnownFileType = sourcecode.swift; path = WeatherView.swift; sourceTree = "<group>"; };
		DB07219A29117623005C2C03 /* TodaysWeatherView.swift */ = {isa = PBXFileReference; lastKnownFileType = sourcecode.swift; path = TodaysWeatherView.swift; sourceTree = "<group>"; };
		DB07219C2911BB43005C2C03 /* TodaysWeatherTextView.swift */ = {isa = PBXFileReference; lastKnownFileType = sourcecode.swift; path = TodaysWeatherTextView.swift; sourceTree = "<group>"; };
		DB07219E2911C665005C2C03 /* SearchView.swift */ = {isa = PBXFileReference; lastKnownFileType = sourcecode.swift; path = SearchView.swift; sourceTree = "<group>"; };
/* End PBXFileReference section */

/* Begin PBXFrameworksBuildPhase section */
		DB07217D29116A8B005C2C03 /* Frameworks */ = {
			isa = PBXFrameworksBuildPhase;
			buildActionMask = 2147483647;
			files = (
			);
			runOnlyForDeploymentPostprocessing = 0;
		};
/* End PBXFrameworksBuildPhase section */

/* Begin PBXGroup section */
		DB07217729116A8B005C2C03 = {
			isa = PBXGroup;
			children = (
				DB07218229116A8B005C2C03 /* weatherAppDm */,
				DB07218129116A8B005C2C03 /* Products */,
			);
			sourceTree = "<group>";
		};
		DB07218129116A8B005C2C03 /* Products */ = {
			isa = PBXGroup;
			children = (
				DB07218029116A8B005C2C03 /* weatherAppDm.app */,
			);
			name = Products;
			sourceTree = "<group>";
		};
		DB07218229116A8B005C2C03 /* weatherAppDm */ = {
			isa = PBXGroup;
			children = (
				DB07218329116A8B005C2C03 /* weatherAppDmApp.swift */,
				DB07219329116F6A005C2C03 /* Models */,
				DB07219229116F63005C2C03 /* ViewModels */,
				DB07219129116F5E005C2C03 /* Views */,
				DB07218729116A8C005C2C03 /* Assets.xcassets */,
				DB07218929116A8C005C2C03 /* Preview Content */,
			);
			path = weatherAppDm;
			sourceTree = "<group>";
		};
		DB07218929116A8C005C2C03 /* Preview Content */ = {
			isa = PBXGroup;
			children = (
				DB07218A29116A8C005C2C03 /* Preview Assets.xcassets */,
			);
			path = "Preview Content";
			sourceTree = "<group>";
		};
		DB07219129116F5E005C2C03 /* Views */ = {
			isa = PBXGroup;
			children = (
				DB07219429117001005C2C03 /* ScreenView.swift */,
				DB072196291175CB005C2C03 /* ForecastView.swift */,
				DB072198291175F8005C2C03 /* WeatherView.swift */,
				DB07219A29117623005C2C03 /* TodaysWeatherView.swift */,
				DB07219C2911BB43005C2C03 /* TodaysWeatherTextView.swift */,
				DB07219E2911C665005C2C03 /* SearchView.swift */,
			);
			path = Views;
			sourceTree = "<group>";
		};
		DB07219229116F63005C2C03 /* ViewModels */ = {
			isa = PBXGroup;
			children = (
			);
			path = ViewModels;
			sourceTree = "<group>";
		};
		DB07219329116F6A005C2C03 /* Models */ = {
			isa = PBXGroup;
			children = (
			);
			path = Models;
			sourceTree = "<group>";
		};
/* End PBXGroup section */

/* Begin PBXNativeTarget section */
		DB07217F29116A8B005C2C03 /* weatherAppDm */ = {
			isa = PBXNativeTarget;
			buildConfigurationList = DB07218E29116A8C005C2C03 /* Build configuration list for PBXNativeTarget "weatherAppDm" */;
			buildPhases = (
				DB07217C29116A8B005C2C03 /* Sources */,
				DB07217D29116A8B005C2C03 /* Frameworks */,
				DB07217E29116A8B005C2C03 /* Resources */,
			);
			buildRules = (
			);
			dependencies = (
			);
			name = weatherAppDm;
			productName = weatherAppDm;
			productReference = DB07218029116A8B005C2C03 /* weatherAppDm.app */;
			productType = "com.apple.product-type.application";
		};
/* End PBXNativeTarget section */

/* Begin PBXProject section */
		DB07217829116A8B005C2C03 /* Project object */ = {
			isa = PBXProject;
			attributes = {
				BuildIndependentTargetsInParallel = 1;
				LastSwiftUpdateCheck = 1400;
				LastUpgradeCheck = 1400;
				TargetAttributes = {
					DB07217F29116A8B005C2C03 = {
						CreatedOnToolsVersion = 14.0.1;
					};
				};
			};
			buildConfigurationList = DB07217B29116A8B005C2C03 /* Build configuration list for PBXProject "weatherAppDm" */;
			compatibilityVersion = "Xcode 14.0";
			developmentRegion = en;
			hasScannedForEncodings = 0;
			knownRegions = (
				en,
				Base,
			);
			mainGroup = DB07217729116A8B005C2C03;
			productRefGroup = DB07218129116A8B005C2C03 /* Products */;
			projectDirPath = "";
			projectRoot = "";
			targets = (
				DB07217F29116A8B005C2C03 /* weatherAppDm */,
			);
		};
/* End PBXProject section */

/* Begin PBXResourcesBuildPhase section */
		DB07217E29116A8B005C2C03 /* Resources */ = {
			isa = PBXResourcesBuildPhase;
			buildActionMask = 2147483647;
			files = (
				DB07218B29116A8C005C2C03 /* Preview Assets.xcassets in Resources */,
				DB07218829116A8C005C2C03 /* Assets.xcassets in Resources */,
			);
			runOnlyForDeploymentPostprocessing = 0;
		};
/* End PBXResourcesBuildPhase section */

/* Begin PBXSourcesBuildPhase section */
		DB07217C29116A8B005C2C03 /* Sources */ = {
			isa = PBXSourcesBuildPhase;
			buildActionMask = 2147483647;
			files = (
				DB07219529117001005C2C03 /* ScreenView.swift in Sources */,
				DB07218429116A8B005C2C03 /* weatherAppDmApp.swift in Sources */,
				DB07219D2911BB43005C2C03 /* TodaysWeatherTextView.swift in Sources */,
				DB07219F2911C665005C2C03 /* SearchView.swift in Sources */,
				DB072197291175CB005C2C03 /* ForecastView.swift in Sources */,
				DB072199291175F8005C2C03 /* WeatherView.swift in Sources */,
				DB07219B29117623005C2C03 /* TodaysWeatherView.swift in Sources */,
			);
			runOnlyForDeploymentPostprocessing = 0;
		};
/* End PBXSourcesBuildPhase section */

/* Begin XCBuildConfiguration section */
		DB07218C29116A8C005C2C03 /* Debug */ = {
			isa = XCBuildConfiguration;
			buildSettings = {
				ALWAYS_SEARCH_USER_PATHS = NO;
				CLANG_ANALYZER_NONNULL = YES;
				CLANG_ANALYZER_NUMBER_OBJECT_CONVERSION = YES_AGGRESSIVE;
				CLANG_CXX_LANGUAGE_STANDARD = "gnu++20";
				CLANG_ENABLE_MODULES = YES;
				CLANG_ENABLE_OBJC_ARC = YES;
				CLANG_ENABLE_OBJC_WEAK = YES;
				CLANG_WARN_BLOCK_CAPTURE_AUTORELEASING = YES;
				CLANG_WARN_BOOL_CONVERSION = YES;
				CLANG_WARN_COMMA = YES;
				CLANG_WARN_CONSTANT_CONVERSION = YES;
				CLANG_WARN_DEPRECATED_OBJC_IMPLEMENTATIONS = YES;
				CLANG_WARN_DIRECT_OBJC_ISA_USAGE = YES_ERROR;
				CLANG_WARN_DOCUMENTATION_COMMENTS = YES;
				CLANG_WARN_EMPTY_BODY = YES;
				CLANG_WARN_ENUM_CONVERSION = YES;
				CLANG_WARN_INFINITE_RECURSION = YES;
				CLANG_WARN_INT_CONVERSION = YES;
				CLANG_WARN_NON_LITERAL_NULL_CONVERSION = YES;
				CLANG_WARN_OBJC_IMPLICIT_RETAIN_SELF = YES;
				CLANG_WARN_OBJC_LITERAL_CONVERSION = YES;
				CLANG_WARN_OBJC_ROOT_CLASS = YES_ERROR;
				CLANG_WARN_QUOTED_INCLUDE_IN_FRAMEWORK_HEADER = YES;
				CLANG_WARN_RANGE_LOOP_ANALYSIS = YES;
				CLANG_WARN_STRICT_PROTOTYPES = YES;
				CLANG_WARN_SUSPICIOUS_MOVE = YES;
				CLANG_WARN_UNGUARDED_AVAILABILITY = YES_AGGRESSIVE;
				CLANG_WARN_UNREACHABLE_CODE = YES;
				CLANG_WARN__DUPLICATE_METHOD_MATCH = YES;
				COPY_PHASE_STRIP = NO;
				DEBUG_INFORMATION_FORMAT = dwarf;
				ENABLE_STRICT_OBJC_MSGSEND = YES;
				ENABLE_TESTABILITY = YES;
				GCC_C_LANGUAGE_STANDARD = gnu11;
				GCC_DYNAMIC_NO_PIC = NO;
				GCC_NO_COMMON_BLOCKS = YES;
				GCC_OPTIMIZATION_LEVEL = 0;
				GCC_PREPROCESSOR_DEFINITIONS = (
					"DEBUG=1",
					"$(inherited)",
				);
				GCC_WARN_64_TO_32_BIT_CONVERSION = YES;
				GCC_WARN_ABOUT_RETURN_TYPE = YES_ERROR;
				GCC_WARN_UNDECLARED_SELECTOR = YES;
				GCC_WARN_UNINITIALIZED_AUTOS = YES_AGGRESSIVE;
				GCC_WARN_UNUSED_FUNCTION = YES;
				GCC_WARN_UNUSED_VARIABLE = YES;
				IPHONEOS_DEPLOYMENT_TARGET = 16.0;
				MTL_ENABLE_DEBUG_INFO = INCLUDE_SOURCE;
				MTL_FAST_MATH = YES;
				ONLY_ACTIVE_ARCH = YES;
				SDKROOT = iphoneos;
				SWIFT_ACTIVE_COMPILATION_CONDITIONS = DEBUG;
				SWIFT_OPTIMIZATION_LEVEL = "-Onone";
			};
			name = Debug;
		};
		DB07218D29116A8C005C2C03 /* Release */ = {
			isa = XCBuildConfiguration;
			buildSettings = {
				ALWAYS_SEARCH_USER_PATHS = NO;
				CLANG_ANALYZER_NONNULL = YES;
				CLANG_ANALYZER_NUMBER_OBJECT_CONVERSION = YES_AGGRESSIVE;
				CLANG_CXX_LANGUAGE_STANDARD = "gnu++20";
				CLANG_ENABLE_MODULES = YES;
				CLANG_ENABLE_OBJC_ARC = YES;
				CLANG_ENABLE_OBJC_WEAK = YES;
				CLANG_WARN_BLOCK_CAPTURE_AUTORELEASING = YES;
				CLANG_WARN_BOOL_CONVERSION = YES;
				CLANG_WARN_COMMA = YES;
				CLANG_WARN_CONSTANT_CONVERSION = YES;
				CLANG_WARN_DEPRECATED_OBJC_IMPLEMENTATIONS = YES;
				CLANG_WARN_DIRECT_OBJC_ISA_USAGE = YES_ERROR;
				CLANG_WARN_DOCUMENTATION_COMMENTS = YES;
				CLANG_WARN_EMPTY_BODY = YES;
				CLANG_WARN_ENUM_CONVERSION = YES;
				CLANG_WARN_INFINITE_RECURSION = YES;
				CLANG_WARN_INT_CONVERSION = YES;
				CLANG_WARN_NON_LITERAL_NULL_CONVERSION = YES;
				CLANG_WARN_OBJC_IMPLICIT_RETAIN_SELF = YES;
				CLANG_WARN_OBJC_LITERAL_CONVERSION = YES;
				CLANG_WARN_OBJC_ROOT_CLASS = YES_ERROR;
				CLANG_WARN_QUOTED_INCLUDE_IN_FRAMEWORK_HEADER = YES;
				CLANG_WARN_RANGE_LOOP_ANALYSIS = YES;
				CLANG_WARN_STRICT_PROTOTYPES = YES;
				CLANG_WARN_SUSPICIOUS_MOVE = YES;
				CLANG_WARN_UNGUARDED_AVAILABILITY = YES_AGGRESSIVE;
				CLANG_WARN_UNREACHABLE_CODE = YES;
				CLANG_WARN__DUPLICATE_METHOD_MATCH = YES;
				COPY_PHASE_STRIP = NO;
				DEBUG_INFORMATION_FORMAT = "dwarf-with-dsym";
				ENABLE_NS_ASSERTIONS = NO;
				ENABLE_STRICT_OBJC_MSGSEND = YES;
				GCC_C_LANGUAGE_STANDARD = gnu11;
				GCC_NO_COMMON_BLOCKS = YES;
				GCC_WARN_64_TO_32_BIT_CONVERSION = YES;
				GCC_WARN_ABOUT_RETURN_TYPE = YES_ERROR;
				GCC_WARN_UNDECLARED_SELECTOR = YES;
				GCC_WARN_UNINITIALIZED_AUTOS = YES_AGGRESSIVE;
				GCC_WARN_UNUSED_FUNCTION = YES;
				GCC_WARN_UNUSED_VARIABLE = YES;
				IPHONEOS_DEPLOYMENT_TARGET = 16.0;
				MTL_ENABLE_DEBUG_INFO = NO;
				MTL_FAST_MATH = YES;
				SDKROOT = iphoneos;
				SWIFT_COMPILATION_MODE = wholemodule;
				SWIFT_OPTIMIZATION_LEVEL = "-O";
				VALIDATE_PRODUCT = YES;
			};
			name = Release;
		};
		DB07218F29116A8C005C2C03 /* Debug */ = {
			isa = XCBuildConfiguration;
			buildSettings = {
				ASSETCATALOG_COMPILER_APPICON_NAME = AppIcon;
				ASSETCATALOG_COMPILER_GLOBAL_ACCENT_COLOR_NAME = AccentColor;
				CODE_SIGN_STYLE = Automatic;
				CURRENT_PROJECT_VERSION = 1;
				DEVELOPMENT_ASSET_PATHS = "\"weatherAppDm/Preview Content\"";
				ENABLE_PREVIEWS = YES;
				GENERATE_INFOPLIST_FILE = YES;
				INFOPLIST_KEY_UIApplicationSceneManifest_Generation = YES;
				INFOPLIST_KEY_UIApplicationSupportsIndirectInputEvents = YES;
				INFOPLIST_KEY_UILaunchScreen_Generation = YES;
				INFOPLIST_KEY_UISupportedInterfaceOrientations_iPad = "UIInterfaceOrientationPortrait UIInterfaceOrientationPortraitUpsideDown UIInterfaceOrientationLandscapeLeft UIInterfaceOrientationLandscapeRight";
				INFOPLIST_KEY_UISupportedInterfaceOrientations_iPhone = "UIInterfaceOrientationPortrait UIInterfaceOrientationLandscapeLeft UIInterfaceOrientationLandscapeRight";
				LD_RUNPATH_SEARCH_PATHS = (
					"$(inherited)",
					"@executable_path/Frameworks",
				);
				MARKETING_VERSION = 1.0;
				PRODUCT_BUNDLE_IDENTIFIER = "mada20sv-ju.dmp.2022.weatherAppDm";
				PRODUCT_NAME = "$(TARGET_NAME)";
				SWIFT_EMIT_LOC_STRINGS = YES;
				SWIFT_VERSION = 5.0;
				TARGETED_DEVICE_FAMILY = "1,2";
			};
			name = Debug;
		};
		DB07219029116A8C005C2C03 /* Release */ = {
			isa = XCBuildConfiguration;
			buildSettings = {
				ASSETCATALOG_COMPILER_APPICON_NAME = AppIcon;
				ASSETCATALOG_COMPILER_GLOBAL_ACCENT_COLOR_NAME = AccentColor;
				CODE_SIGN_STYLE = Automatic;
				CURRENT_PROJECT_VERSION = 1;
				DEVELOPMENT_ASSET_PATHS = "\"weatherAppDm/Preview Content\"";
				ENABLE_PREVIEWS = YES;
				GENERATE_INFOPLIST_FILE = YES;
				INFOPLIST_KEY_UIApplicationSceneManifest_Generation = YES;
				INFOPLIST_KEY_UIApplicationSupportsIndirectInputEvents = YES;
				INFOPLIST_KEY_UILaunchScreen_Generation = YES;
				INFOPLIST_KEY_UISupportedInterfaceOrientations_iPad = "UIInterfaceOrientationPortrait UIInterfaceOrientationPortraitUpsideDown UIInterfaceOrientationLandscapeLeft UIInterfaceOrientationLandscapeRight";
				INFOPLIST_KEY_UISupportedInterfaceOrientations_iPhone = "UIInterfaceOrientationPortrait UIInterfaceOrientationLandscapeLeft UIInterfaceOrientationLandscapeRight";
				LD_RUNPATH_SEARCH_PATHS = (
					"$(inherited)",
					"@executable_path/Frameworks",
				);
				MARKETING_VERSION = 1.0;
				PRODUCT_BUNDLE_IDENTIFIER = "mada20sv-ju.dmp.2022.weatherAppDm";
				PRODUCT_NAME = "$(TARGET_NAME)";
				SWIFT_EMIT_LOC_STRINGS = YES;
				SWIFT_VERSION = 5.0;
				TARGETED_DEVICE_FAMILY = "1,2";
			};
			name = Release;
		};
/* End XCBuildConfiguration section */

/* Begin XCConfigurationList section */
		DB07217B29116A8B005C2C03 /* Build configuration list for PBXProject "weatherAppDm" */ = {
			isa = XCConfigurationList;
			buildConfigurations = (
				DB07218C29116A8C005C2C03 /* Debug */,
				DB07218D29116A8C005C2C03 /* Release */,
			);
			defaultConfigurationIsVisible = 0;
			defaultConfigurationName = Release;
		};
		DB07218E29116A8C005C2C03 /* Build configuration list for PBXNativeTarget "weatherAppDm" */ = {
			isa = XCConfigurationList;
			buildConfigurations = (
				DB07218F29116A8C005C2C03 /* Debug */,
				DB07219029116A8C005C2C03 /* Release */,
			);
			defaultConfigurationIsVisible = 0;
			defaultConfigurationName = Release;
		};
/* End XCConfigurationList section */
	};
	rootObject = DB07217829116A8B005C2C03 /* Project object */;
}
